
Microsoft Visual Studio Solution File, Format Version 12.00
# Visual Studio 15
VisualStudioVersion = 15.0.27130.2024
MinimumVisualStudioVersion = 10.0.40219.1
Project("{9A19103F-16F7-4668-BE54-9A1E7A4F7556}") = "StubDataManager", "StubDataManagerStandard\StubDataManager.csproj", "{D7D495D0-440B-4D7C-8AB2-DEDEC338A301}"
EndProject
Project("{9A19103F-16F7-4668-BE54-9A1E7A4F7556}") = "ConsoleApp", "ConsoleApp\ConsoleApp.csproj", "{568C295A-EF9B-4D69-AF32-775AF0ADF70B}"
EndProject
Project("{9A19103F-16F7-4668-BE54-9A1E7A4F7556}") = "Core", "CoreStandard\Core.csproj", "{BBFAA50A-47A5-4AEB-B16B-2AD5F7C474F0}"
EndProject
Project("{FAE04EC0-301F-11D3-BF4B-00C04F79EFBC}") = "eLearningFactoryUWP", "UWP\eLearningFactoryUWP\eLearningFactoryUWP.csproj", "{02677EB8-CFA1-420A-B423-DE0CA4DB3CCB}"
EndProject
Project("{FAE04EC0-301F-11D3-BF4B-00C04F79EFBC}") = "MyMVVMToolkit", "MyMVVMToolkit\MyMVVMToolkit.csproj", "{A6E116F3-448B-42C8-8DC0-516EFF24095F}"
EndProject
Global
	GlobalSection(SolutionConfigurationPlatforms) = preSolution
		Debug|Any CPU = Debug|Any CPU
		Debug|ARM = Debug|ARM
		Debug|x64 = Debug|x64
		Debug|x86 = Debug|x86
		Release|Any CPU = Release|Any CPU
		Release|ARM = Release|ARM
		Release|x64 = Release|x64
		Release|x86 = Release|x86
	EndGlobalSection
	GlobalSection(ProjectConfigurationPlatforms) = postSolution
		{D7D495D0-440B-4D7C-8AB2-DEDEC338A301}.Debug|Any CPU.ActiveCfg = Debug|Any CPU
		{D7D495D0-440B-4D7C-8AB2-DEDEC338A301}.Debug|Any CPU.Build.0 = Debug|Any CPU
		{D7D495D0-440B-4D7C-8AB2-DEDEC338A301}.Debug|ARM.ActiveCfg = Debug|Any CPU
		{D7D495D0-440B-4D7C-8AB2-DEDEC338A301}.Debug|ARM.Build.0 = Debug|Any CPU
		{D7D495D0-440B-4D7C-8AB2-DEDEC338A301}.Debug|x64.ActiveCfg = Debug|Any CPU
		{D7D495D0-440B-4D7C-8AB2-DEDEC338A301}.Debug|x64.Build.0 = Debug|Any CPU
		{D7D495D0-440B-4D7C-8AB2-DEDEC338A301}.Debug|x86.ActiveCfg = Debug|Any CPU
		{D7D495D0-440B-4D7C-8AB2-DEDEC338A301}.Debug|x86.Build.0 = Debug|Any CPU
		{D7D495D0-440B-4D7C-8AB2-DEDEC338A301}.Release|Any CPU.ActiveCfg = Debug|Any CPU
		{D7D495D0-440B-4D7C-8AB2-DEDEC338A301}.Release|Any CPU.Build.0 = Debug|Any CPU
		{D7D495D0-440B-4D7C-8AB2-DEDEC338A301}.Release|ARM.ActiveCfg = Release|Any CPU
		{D7D495D0-440B-4D7C-8AB2-DEDEC338A301}.Release|ARM.Build.0 = Release|Any CPU
		{D7D495D0-440B-4D7C-8AB2-DEDEC338A301}.Release|x64.ActiveCfg = Release|Any CPU
		{D7D495D0-440B-4D7C-8AB2-DEDEC338A301}.Release|x64.Build.0 = Release|Any CPU
		{D7D495D0-440B-4D7C-8AB2-DEDEC338A301}.Release|x86.ActiveCfg = Release|Any CPU
		{D7D495D0-440B-4D7C-8AB2-DEDEC338A301}.Release|x86.Build.0 = Release|Any CPU
		{568C295A-EF9B-4D69-AF32-775AF0ADF70B}.Debug|Any CPU.ActiveCfg = Debug|Any CPU
		{568C295A-EF9B-4D69-AF32-775AF0ADF70B}.Debug|Any CPU.Build.0 = Debug|Any CPU
		{568C295A-EF9B-4D69-AF32-775AF0ADF70B}.Debug|ARM.ActiveCfg = Debug|Any CPU
		{568C295A-EF9B-4D69-AF32-775AF0ADF70B}.Debug|ARM.Build.0 = Debug|Any CPU
		{568C295A-EF9B-4D69-AF32-775AF0ADF70B}.Debug|x64.ActiveCfg = Debug|Any CPU
		{568C295A-EF9B-4D69-AF32-775AF0ADF70B}.Debug|x64.Build.0 = Debug|Any CPU
		{568C295A-EF9B-4D69-AF32-775AF0ADF70B}.Debug|x86.ActiveCfg = Debug|Any CPU
		{568C295A-EF9B-4D69-AF32-775AF0ADF70B}.Debug|x86.Build.0 = Debug|Any CPU
		{568C295A-EF9B-4D69-AF32-775AF0ADF70B}.Release|Any CPU.ActiveCfg = Release|Any CPU
		{568C295A-EF9B-4D69-AF32-775AF0ADF70B}.Release|Any CPU.Build.0 = Release|Any CPU
		{568C295A-EF9B-4D69-AF32-775AF0ADF70B}.Release|ARM.ActiveCfg = Release|Any CPU
		{568C295A-EF9B-4D69-AF32-775AF0ADF70B}.Release|ARM.Build.0 = Release|Any CPU
		{568C295A-EF9B-4D69-AF32-775AF0ADF70B}.Release|x64.ActiveCfg = Release|Any CPU
		{568C295A-EF9B-4D69-AF32-775AF0ADF70B}.Release|x64.Build.0 = Release|Any CPU
		{568C295A-EF9B-4D69-AF32-775AF0ADF70B}.Release|x86.ActiveCfg = Release|Any CPU
		{568C295A-EF9B-4D69-AF32-775AF0ADF70B}.Release|x86.Build.0 = Release|Any CPU
		{BBFAA50A-47A5-4AEB-B16B-2AD5F7C474F0}.Debug|Any CPU.ActiveCfg = Debug|Any CPU
		{BBFAA50A-47A5-4AEB-B16B-2AD5F7C474F0}.Debug|Any CPU.Build.0 = Debug|Any CPU
		{BBFAA50A-47A5-4AEB-B16B-2AD5F7C474F0}.Debug|ARM.ActiveCfg = Debug|Any CPU
		{BBFAA50A-47A5-4AEB-B16B-2AD5F7C474F0}.Debug|ARM.Build.0 = Debug|Any CPU
		{BBFAA50A-47A5-4AEB-B16B-2AD5F7C474F0}.Debug|x64.ActiveCfg = Debug|Any CPU
		{BBFAA50A-47A5-4AEB-B16B-2AD5F7C474F0}.Debug|x64.Build.0 = Debug|Any CPU
		{BBFAA50A-47A5-4AEB-B16B-2AD5F7C474F0}.Debug|x86.ActiveCfg = Debug|Any CPU
		{BBFAA50A-47A5-4AEB-B16B-2AD5F7C474F0}.Debug|x86.Build.0 = Debug|Any CPU
		{BBFAA50A-47A5-4AEB-B16B-2AD5F7C474F0}.Release|Any CPU.ActiveCfg = Release|Any CPU
		{BBFAA50A-47A5-4AEB-B16B-2AD5F7C474F0}.Release|Any CPU.Build.0 = Release|Any CPU
		{BBFAA50A-47A5-4AEB-B16B-2AD5F7C474F0}.Release|ARM.ActiveCfg = Release|Any CPU
		{BBFAA50A-47A5-4AEB-B16B-2AD5F7C474F0}.Release|ARM.Build.0 = Release|Any CPU
		{BBFAA50A-47A5-4AEB-B16B-2AD5F7C474F0}.Release|x64.ActiveCfg = Release|Any CPU
		{BBFAA50A-47A5-4AEB-B16B-2AD5F7C474F0}.Release|x64.Build.0 = Release|Any CPU
		{BBFAA50A-47A5-4AEB-B16B-2AD5F7C474F0}.Release|x86.ActiveCfg = Release|Any CPU
		{BBFAA50A-47A5-4AEB-B16B-2AD5F7C474F0}.Release|x86.Build.0 = Release|Any CPU
		{02677EB8-CFA1-420A-B423-DE0CA4DB3CCB}.Debug|Any CPU.ActiveCfg = Debug|x86
		{02677EB8-CFA1-420A-B423-DE0CA4DB3CCB}.Debug|ARM.ActiveCfg = Debug|ARM
		{02677EB8-CFA1-420A-B423-DE0CA4DB3CCB}.Debug|ARM.Build.0 = Debug|ARM
		{02677EB8-CFA1-420A-B423-DE0CA4DB3CCB}.Debug|ARM.Deploy.0 = Debug|ARM
		{02677EB8-CFA1-420A-B423-DE0CA4DB3CCB}.Debug|x64.ActiveCfg = Debug|x64
		{02677EB8-CFA1-420A-B423-DE0CA4DB3CCB}.Debug|x64.Build.0 = Debug|x64
		{02677EB8-CFA1-420A-B423-DE0CA4DB3CCB}.Debug|x64.Deploy.0 = Debug|x64
		{02677EB8-CFA1-420A-B423-DE0CA4DB3CCB}.Debug|x86.ActiveCfg = Debug|x86
		{02677EB8-CFA1-420A-B423-DE0CA4DB3CCB}.Debug|x86.Build.0 = Debug|x86
		{02677EB8-CFA1-420A-B423-DE0CA4DB3CCB}.Debug|x86.Deploy.0 = Debug|x86
		{02677EB8-CFA1-420A-B423-DE0CA4DB3CCB}.Release|Any CPU.ActiveCfg = Release|x86
		{02677EB8-CFA1-420A-B423-DE0CA4DB3CCB}.Release|ARM.ActiveCfg = Release|ARM
		{02677EB8-CFA1-420A-B423-DE0CA4DB3CCB}.Release|ARM.Build.0 = Release|ARM
		{02677EB8-CFA1-420A-B423-DE0CA4DB3CCB}.Release|ARM.Deploy.0 = Release|ARM
		{02677EB8-CFA1-420A-B423-DE0CA4DB3CCB}.Release|x64.ActiveCfg = Release|x64
		{02677EB8-CFA1-420A-B423-DE0CA4DB3CCB}.Release|x64.Build.0 = Release|x64
		{02677EB8-CFA1-420A-B423-DE0CA4DB3CCB}.Release|x64.Deploy.0 = Release|x64
		{02677EB8-CFA1-420A-B423-DE0CA4DB3CCB}.Release|x86.ActiveCfg = Release|x86
		{02677EB8-CFA1-420A-B423-DE0CA4DB3CCB}.Release|x86.Build.0 = Release|x86
		{02677EB8-CFA1-420A-B423-DE0CA4DB3CCB}.Release|x86.Deploy.0 = Release|x86
		{A6E116F3-448B-42C8-8DC0-516EFF24095F}.Debug|Any CPU.ActiveCfg = Debug|Any CPU
		{A6E116F3-448B-42C8-8DC0-516EFF24095F}.Debug|Any CPU.Build.0 = Debug|Any CPU
		{A6E116F3-448B-42C8-8DC0-516EFF24095F}.Debug|ARM.ActiveCfg = Debug|ARM
		{A6E116F3-448B-42C8-8DC0-516EFF24095F}.Debug|ARM.Build.0 = Debug|ARM
		{A6E116F3-448B-42C8-8DC0-516EFF24095F}.Debug|x64.ActiveCfg = Debug|x64
		{A6E116F3-448B-42C8-8DC0-516EFF24095F}.Debug|x64.Build.0 = Debug|x64
		{A6E116F3-448B-42C8-8DC0-516EFF24095F}.Debug|x86.ActiveCfg = Debug|x86
		{A6E116F3-448B-42C8-8DC0-516EFF24095F}.Debug|x86.Build.0 = Debug|x86
		{A6E116F3-448B-42C8-8DC0-516EFF24095F}.Release|Any CPU.ActiveCfg = Release|Any CPU
		{A6E116F3-448B-42C8-8DC0-516EFF24095F}.Release|Any CPU.Build.0 = Release|Any CPU
		{A6E116F3-448B-42C8-8DC0-516EFF24095F}.Release|ARM.ActiveCfg = Release|ARM
		{A6E116F3-448B-42C8-8DC0-516EFF24095F}.Release|ARM.Build.0 = Release|ARM
		{A6E116F3-448B-42C8-8DC0-516EFF24095F}.Release|x64.ActiveCfg = Release|x64
		{A6E116F3-448B-42C8-8DC0-516EFF24095F}.Release|x64.Build.0 = Release|x64
		{A6E116F3-448B-42C8-8DC0-516EFF24095F}.Release|x86.ActiveCfg = Release|x86
		{A6E116F3-448B-42C8-8DC0-516EFF24095F}.Release|x86.Build.0 = Release|x86
	EndGlobalSection
	GlobalSection(SolutionProperties) = preSolution
		HideSolutionNode = FALSE
	EndGlobalSection
	GlobalSection(ExtensibilityGlobals) = postSolution
		SolutionGuid = {F8C0B0D3-B535-493C-A422-9FBE242B5D05}
	EndGlobalSection
EndGlobal
